// !$*UTF8*$!
{
	archiveVersion = 1;
	classes = {
	};
	objectVersion = 56;
	objects = {

/* Begin PBXBuildFile section */
		D7BD0F5A294C7DB50044F4BD /* navSwiftUiApp.swift in Sources */ = {isa = PBXBuildFile; fileRef = D7BD0F59294C7DB50044F4BD /* navSwiftUiApp.swift */; };
		D7BD0F5C294C7DB50044F4BD /* ContentView.swift in Sources */ = {isa = PBXBuildFile; fileRef = D7BD0F5B294C7DB50044F4BD /* ContentView.swift */; };
		D7BD0F5E294C7DB70044F4BD /* Assets.xcassets in Resources */ = {isa = PBXBuildFile; fileRef = D7BD0F5D294C7DB70044F4BD /* Assets.xcassets */; };
		D7BD0F61294C7DB70044F4BD /* Preview Assets.xcassets in Resources */ = {isa = PBXBuildFile; fileRef = D7BD0F60294C7DB70044F4BD /* Preview Assets.xcassets */; };
		D7BD0F6B294C7DB70044F4BD /* navSwiftUiTests.swift in Sources */ = {isa = PBXBuildFile; fileRef = D7BD0F6A294C7DB70044F4BD /* navSwiftUiTests.swift */; };
		D7BD0F75294C7DB70044F4BD /* navSwiftUiUITests.swift in Sources */ = {isa = PBXBuildFile; fileRef = D7BD0F74294C7DB70044F4BD /* navSwiftUiUITests.swift */; };
		D7BD0F77294C7DB70044F4BD /* navSwiftUiUITestsLaunchTests.swift in Sources */ = {isa = PBXBuildFile; fileRef = D7BD0F76294C7DB70044F4BD /* navSwiftUiUITestsLaunchTests.swift */; };
/* End PBXBuildFile section */

/* Begin PBXContainerItemProxy section */
		D7BD0F67294C7DB70044F4BD /* PBXContainerItemProxy */ = {
			isa = PBXContainerItemProxy;
			containerPortal = D7BD0F4E294C7DB50044F4BD /* Project object */;
			proxyType = 1;
			remoteGlobalIDString = D7BD0F55294C7DB50044F4BD;
			remoteInfo = navSwiftUi;
		};
		D7BD0F71294C7DB70044F4BD /* PBXContainerItemProxy */ = {
			isa = PBXContainerItemProxy;
			containerPortal = D7BD0F4E294C7DB50044F4BD /* Project object */;
			proxyType = 1;
			remoteGlobalIDString = D7BD0F55294C7DB50044F4BD;
			remoteInfo = navSwiftUi;
		};
/* End PBXContainerItemProxy section */

/* Begin PBXFileReference section */
		D7BD0F56294C7DB50044F4BD /* navSwiftUi.app */ = {isa = PBXFileReference; explicitFileType = wrapper.application; includeInIndex = 0; path = navSwiftUi.app; sourceTree = BUILT_PRODUCTS_DIR; };
		D7BD0F59294C7DB50044F4BD /* navSwiftUiApp.swift */ = {isa = PBXFileReference; lastKnownFileType = sourcecode.swift; path = navSwiftUiApp.swift; sourceTree = "<group>"; };
		D7BD0F5B294C7DB50044F4BD /* ContentView.swift */ = {isa = PBXFileReference; lastKnownFileType = sourcecode.swift; path = ContentView.swift; sourceTree = "<group>"; };
		D7BD0F5D294C7DB70044F4BD /* Assets.xcassets */ = {isa = PBXFileReference; lastKnownFileType = folder.assetcatalog; path = Assets.xcassets; sourceTree = "<group>"; };
		D7BD0F60294C7DB70044F4BD /* Preview Assets.xcassets */ = {isa = PBXFileReference; lastKnownFileType = folder.assetcatalog; path = "Preview Assets.xcassets"; sourceTree = "<group>"; };
		D7BD0F66294C7DB70044F4BD /* navSwiftUiTests.xctest */ = {isa = PBXFileReference; explicitFileType = wrapper.cfbundle; includeInIndex = 0; path = navSwiftUiTests.xctest; sourceTree = BUILT_PRODUCTS_DIR; };
		D7BD0F6A294C7DB70044F4BD /* navSwiftUiTests.swift */ = {isa = PBXFileReference; lastKnownFileType = sourcecode.swift; path = navSwiftUiTests.swift; sourceTree = "<group>"; };
		D7BD0F70294C7DB70044F4BD /* navSwiftUiUITests.xctest */ = {isa = PBXFileReference; explicitFileType = wrapper.cfbundle; includeInIndex = 0; path = navSwiftUiUITests.xctest; sourceTree = BUILT_PRODUCTS_DIR; };
		D7BD0F74294C7DB70044F4BD /* navSwiftUiUITests.swift */ = {isa = PBXFileReference; lastKnownFileType = sourcecode.swift; path = navSwiftUiUITests.swift; sourceTree = "<group>"; };
		D7BD0F76294C7DB70044F4BD /* navSwiftUiUITestsLaunchTests.swift */ = {isa = PBXFileReference; lastKnownFileType = sourcecode.swift; path = navSwiftUiUITestsLaunchTests.swift; sourceTree = "<group>"; };
/* End PBXFileReference section */

/* Begin PBXFrameworksBuildPhase section */
		D7BD0F53294C7DB50044F4BD /* Frameworks */ = {
			isa = PBXFrameworksBuildPhase;
			buildActionMask = 2147483647;
			files = (
			);
			runOnlyForDeploymentPostprocessing = 0;
		};
		D7BD0F63294C7DB70044F4BD /* Frameworks */ = {
			isa = PBXFrameworksBuildPhase;
			buildActionMask = 2147483647;
			files = (
			);
			runOnlyForDeploymentPostprocessing = 0;
		};
		D7BD0F6D294C7DB70044F4BD /* Frameworks */ = {
			isa = PBXFrameworksBuildPhase;
			buildActionMask = 2147483647;
			files = (
			);
			runOnlyForDeploymentPostprocessing = 0;
		};
/* End PBXFrameworksBuildPhase section */

/* Begin PBXGroup section */
		D7BD0F4D294C7DB50044F4BD = {
			isa = PBXGroup;
			children = (
				D7BD0F58294C7DB50044F4BD /* navSwiftUi */,
				D7BD0F69294C7DB70044F4BD /* navSwiftUiTests */,
				D7BD0F73294C7DB70044F4BD /* navSwiftUiUITests */,
				D7BD0F57294C7DB50044F4BD /* Products */,
			);
			sourceTree = "<group>";
		};
		D7BD0F57294C7DB50044F4BD /* Products */ = {
			isa = PBXGroup;
			children = (
				D7BD0F56294C7DB50044F4BD /* navSwiftUi.app */,
				D7BD0F66294C7DB70044F4BD /* navSwiftUiTests.xctest */,
				D7BD0F70294C7DB70044F4BD /* navSwiftUiUITests.xctest */,
			);
			name = Products;
			sourceTree = "<group>";
		};
		D7BD0F58294C7DB50044F4BD /* navSwiftUi */ = {
			isa = PBXGroup;
			children = (
				D7BD0F59294C7DB50044F4BD /* navSwiftUiApp.swift */,
				D7BD0F5B294C7DB50044F4BD /* ContentView.swift */,
				D7BD0F5D294C7DB70044F4BD /* Assets.xcassets */,
				D7BD0F5F294C7DB70044F4BD /* Preview Content */,
			);
			path = navSwiftUi;
			sourceTree = "<group>";
		};
		D7BD0F5F294C7DB70044F4BD /* Preview Content */ = {
			isa = PBXGroup;
			children = (
				D7BD0F60294C7DB70044F4BD /* Preview Assets.xcassets */,
			);
			path = "Preview Content";
			sourceTree = "<group>";
		};
		D7BD0F69294C7DB70044F4BD /* navSwiftUiTests */ = {
			isa = PBXGroup;
			children = (
				D7BD0F6A294C7DB70044F4BD /* navSwiftUiTests.swift */,
			);
			path = navSwiftUiTests;
			sourceTree = "<group>";
		};
		D7BD0F73294C7DB70044F4BD /* navSwiftUiUITests */ = {
			isa = PBXGroup;
			children = (
				D7BD0F74294C7DB70044F4BD /* navSwiftUiUITests.swift */,
				D7BD0F76294C7DB70044F4BD /* navSwiftUiUITestsLaunchTests.swift */,
			);
			path = navSwiftUiUITests;
			sourceTree = "<group>";
		};
/* End PBXGroup section */

/* Begin PBXNativeTarget section */
		D7BD0F55294C7DB50044F4BD /* navSwiftUi */ = {
			isa = PBXNativeTarget;
			buildConfigurationList = D7BD0F7A294C7DB70044F4BD /* Build configuration list for PBXNativeTarget "navSwiftUi" */;
			buildPhases = (
				D7BD0F52294C7DB50044F4BD /* Sources */,
				D7BD0F53294C7DB50044F4BD /* Frameworks */,
				D7BD0F54294C7DB50044F4BD /* Resources */,
			);
			buildRules = (
			);
			dependencies = (
			);
			name = navSwiftUi;
			productName = navSwiftUi;
			productReference = D7BD0F56294C7DB50044F4BD /* navSwiftUi.app */;
			productType = "com.apple.product-type.application";
		};
		D7BD0F65294C7DB70044F4BD /* navSwiftUiTests */ = {
			isa = PBXNativeTarget;
			buildConfigurationList = D7BD0F7D294C7DB70044F4BD /* Build configuration list for PBXNativeTarget "navSwiftUiTests" */;
			buildPhases = (
				D7BD0F62294C7DB70044F4BD /* Sources */,
				D7BD0F63294C7DB70044F4BD /* Frameworks */,
				D7BD0F64294C7DB70044F4BD /* Resources */,
			);
			buildRules = (
			);
			dependencies = (
				D7BD0F68294C7DB70044F4BD /* PBXTargetDependency */,
			);
			name = navSwiftUiTests;
			productName = navSwiftUiTests;
			productReference = D7BD0F66294C7DB70044F4BD /* navSwiftUiTests.xctest */;
			productType = "com.apple.product-type.bundle.unit-test";
		};
		D7BD0F6F294C7DB70044F4BD /* navSwiftUiUITests */ = {
			isa = PBXNativeTarget;
			buildConfigurationList = D7BD0F80294C7DB70044F4BD /* Build configuration list for PBXNativeTarget "navSwiftUiUITests" */;
			buildPhases = (
				D7BD0F6C294C7DB70044F4BD /* Sources */,
				D7BD0F6D294C7DB70044F4BD /* Frameworks */,
				D7BD0F6E294C7DB70044F4BD /* Resources */,
			);
			buildRules = (
			);
			dependencies = (
				D7BD0F72294C7DB70044F4BD /* PBXTargetDependency */,
			);
			name = navSwiftUiUITests;
			productName = navSwiftUiUITests;
			productReference = D7BD0F70294C7DB70044F4BD /* navSwiftUiUITests.xctest */;
			productType = "com.apple.product-type.bundle.ui-testing";
		};
/* End PBXNativeTarget section */

/* Begin PBXProject section */
		D7BD0F4E294C7DB50044F4BD /* Project object */ = {
			isa = PBXProject;
			attributes = {
				BuildIndependentTargetsInParallel = 1;
				LastSwiftUpdateCheck = 1400;
				LastUpgradeCheck = 1400;
				TargetAttributes = {
					D7BD0F55294C7DB50044F4BD = {
						CreatedOnToolsVersion = 14.0.1;
					};
					D7BD0F65294C7DB70044F4BD = {
						CreatedOnToolsVersion = 14.0.1;
						TestTargetID = D7BD0F55294C7DB50044F4BD;
					};
					D7BD0F6F294C7DB70044F4BD = {
						CreatedOnToolsVersion = 14.0.1;
						TestTargetID = D7BD0F55294C7DB50044F4BD;
					};
				};
			};
			buildConfigurationList = D7BD0F51294C7DB50044F4BD /* Build configuration list for PBXProject "navSwiftUi" */;
			compatibilityVersion = "Xcode 14.0";
			developmentRegion = en;
			hasScannedForEncodings = 0;
			knownRegions = (
				en,
				Base,
			);
			mainGroup = D7BD0F4D294C7DB50044F4BD;
			productRefGroup = D7BD0F57294C7DB50044F4BD /* Products */;
			projectDirPath = "";
			projectRoot = "";
			targets = (
				D7BD0F55294C7DB50044F4BD /* navSwiftUi */,
				D7BD0F65294C7DB70044F4BD /* navSwiftUiTests */,
				D7BD0F6F294C7DB70044F4BD /* navSwiftUiUITests */,
			);
		};
/* End PBXProject section */

/* Begin PBXResourcesBuildPhase section */
		D7BD0F54294C7DB50044F4BD /* Resources */ = {
			isa = PBXResourcesBuildPhase;
			buildActionMask = 2147483647;
			files = (
				D7BD0F61294C7DB70044F4BD /* Preview Assets.xcassets in Resources */,
				D7BD0F5E294C7DB70044F4BD /* Assets.xcassets in Resources */,
			);
			runOnlyForDeploymentPostprocessing = 0;
		};
		D7BD0F64294C7DB70044F4BD /* Resources */ = {
			isa = PBXResourcesBuildPhase;
			buildActionMask = 2147483647;
			files = (
			);
			runOnlyForDeploymentPostprocessing = 0;
		};
		D7BD0F6E294C7DB70044F4BD /* Resources */ = {
			isa = PBXResourcesBuildPhase;
			buildActionMask = 2147483647;
			files = (
			);
			runOnlyForDeploymentPostprocessing = 0;
		};
/* End PBXResourcesBuildPhase section */

/* Begin PBXSourcesBuildPhase section */
		D7BD0F52294C7DB50044F4BD /* Sources */ = {
			isa = PBXSourcesBuildPhase;
			buildActionMask = 2147483647;
			files = (
				D7BD0F5C294C7DB50044F4BD /* ContentView.swift in Sources */,
				D7BD0F5A294C7DB50044F4BD /* navSwiftUiApp.swift in Sources */,
			);
			runOnlyForDeploymentPostprocessing = 0;
		};
		D7BD0F62294C7DB70044F4BD /* Sources */ = {
			isa = PBXSourcesBuildPhase;
			buildActionMask = 2147483647;
			files = (
				D7BD0F6B294C7DB70044F4BD /* navSwiftUiTests.swift in Sources */,
			);
			runOnlyForDeploymentPostprocessing = 0;
		};
		D7BD0F6C294C7DB70044F4BD /* Sources */ = {
			isa = PBXSourcesBuildPhase;
			buildActionMask = 2147483647;
			files = (
				D7BD0F77294C7DB70044F4BD /* navSwiftUiUITestsLaunchTests.swift in Sources */,
				D7BD0F75294C7DB70044F4BD /* navSwiftUiUITests.swift in Sources */,
			);
			runOnlyForDeploymentPostprocessing = 0;
		};
/* End PBXSourcesBuildPhase section */

/* Begin PBXTargetDependency section */
		D7BD0F68294C7DB70044F4BD /* PBXTargetDependency */ = {
			isa = PBXTargetDependency;
			target = D7BD0F55294C7DB50044F4BD /* navSwiftUi */;
			targetProxy = D7BD0F67294C7DB70044F4BD /* PBXContainerItemProxy */;
		};
		D7BD0F72294C7DB70044F4BD /* PBXTargetDependency */ = {
			isa = PBXTargetDependency;
			target = D7BD0F55294C7DB50044F4BD /* navSwiftUi */;
			targetProxy = D7BD0F71294C7DB70044F4BD /* PBXContainerItemProxy */;
		};
/* End PBXTargetDependency section */

/* Begin XCBuildConfiguration section */
		D7BD0F78294C7DB70044F4BD /* Debug */ = {
			isa = XCBuildConfiguration;
			buildSettings = {
				ALWAYS_SEARCH_USER_PATHS = NO;
				CLANG_ANALYZER_NONNULL = YES;
				CLANG_ANALYZER_NUMBER_OBJECT_CONVERSION = YES_AGGRESSIVE;
				CLANG_CXX_LANGUAGE_STANDARD = "gnu++20";
				CLANG_ENABLE_MODULES = YES;
				CLANG_ENABLE_OBJC_ARC = YES;
				CLANG_ENABLE_OBJC_WEAK = YES;
				CLANG_WARN_BLOCK_CAPTURE_AUTORELEASING = YES;
				CLANG_WARN_BOOL_CONVERSION = YES;
				CLANG_WARN_COMMA = YES;
				CLANG_WARN_CONSTANT_CONVERSION = YES;
				CLANG_WARN_DEPRECATED_OBJC_IMPLEMENTATIONS = YES;
				CLANG_WARN_DIRECT_OBJC_ISA_USAGE = YES_ERROR;
				CLANG_WARN_DOCUMENTATION_COMMENTS = YES;
				CLANG_WARN_EMPTY_BODY = YES;
				CLANG_WARN_ENUM_CONVERSION = YES;
				CLANG_WARN_INFINITE_RECURSION = YES;
				CLANG_WARN_INT_CONVERSION = YES;
				CLANG_WARN_NON_LITERAL_NULL_CONVERSION = YES;
				CLANG_WARN_OBJC_IMPLICIT_RETAIN_SELF = YES;
				CLANG_WARN_OBJC_LITERAL_CONVERSION = YES;
				CLANG_WARN_OBJC_ROOT_CLASS = YES_ERROR;
				CLANG_WARN_QUOTED_INCLUDE_IN_FRAMEWORK_HEADER = YES;
				CLANG_WARN_RANGE_LOOP_ANALYSIS = YES;
				CLANG_WARN_STRICT_PROTOTYPES = YES;
				CLANG_WARN_SUSPICIOUS_MOVE = YES;
				CLANG_WARN_UNGUARDED_AVAILABILITY = YES_AGGRESSIVE;
				CLANG_WARN_UNREACHABLE_CODE = YES;
				CLANG_WARN__DUPLICATE_METHOD_MATCH = YES;
				COPY_PHASE_STRIP = NO;
				DEBUG_INFORMATION_FORMAT = dwarf;
				ENABLE_STRICT_OBJC_MSGSEND = YES;
				ENABLE_TESTABILITY = YES;
				GCC_C_LANGUAGE_STANDARD = gnu11;
				GCC_DYNAMIC_NO_PIC = NO;
				GCC_NO_COMMON_BLOCKS = YES;
				GCC_OPTIMIZATION_LEVEL = 0;
				GCC_PREPROCESSOR_DEFINITIONS = (
					"DEBUG=1",
					"$(inherited)",
				);
				GCC_WARN_64_TO_32_BIT_CONVERSION = YES;
				GCC_WARN_ABOUT_RETURN_TYPE = YES_ERROR;
				GCC_WARN_UNDECLARED_SELECTOR = YES;
				GCC_WARN_UNINITIALIZED_AUTOS = YES_AGGRESSIVE;
				GCC_WARN_UNUSED_FUNCTION = YES;
				GCC_WARN_UNUSED_VARIABLE = YES;
				IPHONEOS_DEPLOYMENT_TARGET = 16.0;
				MTL_ENABLE_DEBUG_INFO = INCLUDE_SOURCE;
				MTL_FAST_MATH = YES;
				ONLY_ACTIVE_ARCH = YES;
				SDKROOT = iphoneos;
				SWIFT_ACTIVE_COMPILATION_CONDITIONS = DEBUG;
				SWIFT_OPTIMIZATION_LEVEL = "-Onone";
			};
			name = Debug;
		};
		D7BD0F79294C7DB70044F4BD /* Release */ = {
			isa = XCBuildConfiguration;
			buildSettings = {
				ALWAYS_SEARCH_USER_PATHS = NO;
				CLANG_ANALYZER_NONNULL = YES;
				CLANG_ANALYZER_NUMBER_OBJECT_CONVERSION = YES_AGGRESSIVE;
				CLANG_CXX_LANGUAGE_STANDARD = "gnu++20";
				CLANG_ENABLE_MODULES = YES;
				CLANG_ENABLE_OBJC_ARC = YES;
				CLANG_ENABLE_OBJC_WEAK = YES;
				CLANG_WARN_BLOCK_CAPTURE_AUTORELEASING = YES;
				CLANG_WARN_BOOL_CONVERSION = YES;
				CLANG_WARN_COMMA = YES;
				CLANG_WARN_CONSTANT_CONVERSION = YES;
				CLANG_WARN_DEPRECATED_OBJC_IMPLEMENTATIONS = YES;
				CLANG_WARN_DIRECT_OBJC_ISA_USAGE = YES_ERROR;
				CLANG_WARN_DOCUMENTATION_COMMENTS = YES;
				CLANG_WARN_EMPTY_BODY = YES;
				CLANG_WARN_ENUM_CONVERSION = YES;
				CLANG_WARN_INFINITE_RECURSION = YES;
				CLANG_WARN_INT_CONVERSION = YES;
				CLANG_WARN_NON_LITERAL_NULL_CONVERSION = YES;
				CLANG_WARN_OBJC_IMPLICIT_RETAIN_SELF = YES;
				CLANG_WARN_OBJC_LITERAL_CONVERSION = YES;
				CLANG_WARN_OBJC_ROOT_CLASS = YES_ERROR;
				CLANG_WARN_QUOTED_INCLUDE_IN_FRAMEWORK_HEADER = YES;
				CLANG_WARN_RANGE_LOOP_ANALYSIS = YES;
				CLANG_WARN_STRICT_PROTOTYPES = YES;
				CLANG_WARN_SUSPICIOUS_MOVE = YES;
				CLANG_WARN_UNGUARDED_AVAILABILITY = YES_AGGRESSIVE;
				CLANG_WARN_UNREACHABLE_CODE = YES;
				CLANG_WARN__DUPLICATE_METHOD_MATCH = YES;
				COPY_PHASE_STRIP = NO;
				DEBUG_INFORMATION_FORMAT = "dwarf-with-dsym";
				ENABLE_NS_ASSERTIONS = NO;
				ENABLE_STRICT_OBJC_MSGSEND = YES;
				GCC_C_LANGUAGE_STANDARD = gnu11;
				GCC_NO_COMMON_BLOCKS = YES;
				GCC_WARN_64_TO_32_BIT_CONVERSION = YES;
				GCC_WARN_ABOUT_RETURN_TYPE = YES_ERROR;
				GCC_WARN_UNDECLARED_SELECTOR = YES;
				GCC_WARN_UNINITIALIZED_AUTOS = YES_AGGRESSIVE;
				GCC_WARN_UNUSED_FUNCTION = YES;
				GCC_WARN_UNUSED_VARIABLE = YES;
				IPHONEOS_DEPLOYMENT_TARGET = 16.0;
				MTL_ENABLE_DEBUG_INFO = NO;
				MTL_FAST_MATH = YES;
				SDKROOT = iphoneos;
				SWIFT_COMPILATION_MODE = wholemodule;
				SWIFT_OPTIMIZATION_LEVEL = "-O";
				VALIDATE_PRODUCT = YES;
			};
			name = Release;
		};
		D7BD0F7B294C7DB70044F4BD /* Debug */ = {
			isa = XCBuildConfiguration;
			buildSettings = {
				ASSETCATALOG_COMPILER_APPICON_NAME = AppIcon;
				ASSETCATALOG_COMPILER_GLOBAL_ACCENT_COLOR_NAME = AccentColor;
				CODE_SIGN_STYLE = Automatic;
				CURRENT_PROJECT_VERSION = 1;
				DEVELOPMENT_ASSET_PATHS = "\"navSwiftUi/Preview Content\"";
				ENABLE_PREVIEWS = YES;
				GENERATE_INFOPLIST_FILE = YES;
				INFOPLIST_KEY_UIApplicationSceneManifest_Generation = YES;
				INFOPLIST_KEY_UIApplicationSupportsIndirectInputEvents = YES;
				INFOPLIST_KEY_UILaunchScreen_Generation = YES;
				INFOPLIST_KEY_UISupportedInterfaceOrientations_iPad = "UIInterfaceOrientationPortrait UIInterfaceOrientationPortraitUpsideDown UIInterfaceOrientationLandscapeLeft UIInterfaceOrientationLandscapeRight";
				INFOPLIST_KEY_UISupportedInterfaceOrientations_iPhone = "UIInterfaceOrientationPortrait UIInterfaceOrientationLandscapeLeft UIInterfaceOrientationLandscapeRight";
				LD_RUNPATH_SEARCH_PATHS = (
					"$(inherited)",
					"@executable_path/Frameworks",
				);
				MARKETING_VERSION = 1.0;
				PRODUCT_BUNDLE_IDENTIFIER = com.syntax.hemmerich.navSwiftUi;
				PRODUCT_NAME = "$(TARGET_NAME)";
				SWIFT_EMIT_LOC_STRINGS = YES;
				SWIFT_VERSION = 5.0;
				TARGETED_DEVICE_FAMILY = "1,2";
			};
			name = Debug;
		};
		D7BD0F7C294C7DB70044F4BD /* Release */ = {
			isa = XCBuildConfiguration;
			buildSettings = {
				ASSETCATALOG_COMPILER_APPICON_NAME = AppIcon;
				ASSETCATALOG_COMPILER_GLOBAL_ACCENT_COLOR_NAME = AccentColor;
				CODE_SIGN_STYLE = Automatic;
				CURRENT_PROJECT_VERSION = 1;
				DEVELOPMENT_ASSET_PATHS = "\"navSwiftUi/Preview Content\"";
				ENABLE_PREVIEWS = YES;
				GENERATE_INFOPLIST_FILE = YES;
				INFOPLIST_KEY_UIApplicationSceneManifest_Generation = YES;
				INFOPLIST_KEY_UIApplicationSupportsIndirectInputEvents = YES;
				INFOPLIST_KEY_UILaunchScreen_Generation = YES;
				INFOPLIST_KEY_UISupportedInterfaceOrientations_iPad = "UIInterfaceOrientationPortrait UIInterfaceOrientationPortraitUpsideDown UIInterfaceOrientationLandscapeLeft UIInterfaceOrientationLandscapeRight";
				INFOPLIST_KEY_UISupportedInterfaceOrientations_iPhone = "UIInterfaceOrientationPortrait UIInterfaceOrientationLandscapeLeft UIInterfaceOrientationLandscapeRight";
				LD_RUNPATH_SEARCH_PATHS = (
					"$(inherited)",
					"@executable_path/Frameworks",
				);
				MARKETING_VERSION = 1.0;
				PRODUCT_BUNDLE_IDENTIFIER = com.syntax.hemmerich.navSwiftUi;
				PRODUCT_NAME = "$(TARGET_NAME)";
				SWIFT_EMIT_LOC_STRINGS = YES;
				SWIFT_VERSION = 5.0;
				TARGETED_DEVICE_FAMILY = "1,2";
			};
			name = Release;
		};
		D7BD0F7E294C7DB70044F4BD /* Debug */ = {
			isa = XCBuildConfiguration;
			buildSettings = {
				ALWAYS_EMBED_SWIFT_STANDARD_LIBRARIES = YES;
				BUNDLE_LOADER = "$(TEST_HOST)";
				CODE_SIGN_STYLE = Automatic;
				CURRENT_PROJECT_VERSION = 1;
				GENERATE_INFOPLIST_FILE = YES;
				IPHONEOS_DEPLOYMENT_TARGET = 16.0;
				MARKETING_VERSION = 1.0;
				PRODUCT_BUNDLE_IDENTIFIER = com.syntax.hemmerich.navSwiftUiTests;
				PRODUCT_NAME = "$(TARGET_NAME)";
				SWIFT_EMIT_LOC_STRINGS = NO;
				SWIFT_VERSION = 5.0;
				TARGETED_DEVICE_FAMILY = "1,2";
				TEST_HOST = "$(BUILT_PRODUCTS_DIR)/navSwiftUi.app/$(BUNDLE_EXECUTABLE_FOLDER_PATH)/navSwiftUi";
			};
			name = Debug;
		};
		D7BD0F7F294C7DB70044F4BD /* Release */ = {
			isa = XCBuildConfiguration;
			buildSettings = {
				ALWAYS_EMBED_SWIFT_STANDARD_LIBRARIES = YES;
				BUNDLE_LOADER = "$(TEST_HOST)";
				CODE_SIGN_STYLE = Automatic;
				CURRENT_PROJECT_VERSION = 1;
				GENERATE_INFOPLIST_FILE = YES;
				IPHONEOS_DEPLOYMENT_TARGET = 16.0;
				MARKETING_VERSION = 1.0;
				PRODUCT_BUNDLE_IDENTIFIER = com.syntax.hemmerich.navSwiftUiTests;
				PRODUCT_NAME = "$(TARGET_NAME)";
				SWIFT_EMIT_LOC_STRINGS = NO;
				SWIFT_VERSION = 5.0;
				TARGETED_DEVICE_FAMILY = "1,2";
				TEST_HOST = "$(BUILT_PRODUCTS_DIR)/navSwiftUi.app/$(BUNDLE_EXECUTABLE_FOLDER_PATH)/navSwiftUi";
			};
			name = Release;
		};
		D7BD0F81294C7DB70044F4BD /* Debug */ = {
			isa = XCBuildConfiguration;
			buildSettings = {
				ALWAYS_EMBED_SWIFT_STANDARD_LIBRARIES = YES;
				CODE_SIGN_STYLE = Automatic;
				CURRENT_PROJECT_VERSION = 1;
				GENERATE_INFOPLIST_FILE = YES;
				MARKETING_VERSION = 1.0;
				PRODUCT_BUNDLE_IDENTIFIER = com.syntax.hemmerich.navSwiftUiUITests;
				PRODUCT_NAME = "$(TARGET_NAME)";
				SWIFT_EMIT_LOC_STRINGS = NO;
				SWIFT_VERSION = 5.0;
				TARGETED_DEVICE_FAMILY = "1,2";
				TEST_TARGET_NAME = navSwiftUi;
			};
			name = Debug;
		};
		D7BD0F82294C7DB70044F4BD /* Release */ = {
			isa = XCBuildConfiguration;
			buildSettings = {
				ALWAYS_EMBED_SWIFT_STANDARD_LIBRARIES = YES;
				CODE_SIGN_STYLE = Automatic;
				CURRENT_PROJECT_VERSION = 1;
				GENERATE_INFOPLIST_FILE = YES;
				MARKETING_VERSION = 1.0;
				PRODUCT_BUNDLE_IDENTIFIER = com.syntax.hemmerich.navSwiftUiUITests;
				PRODUCT_NAME = "$(TARGET_NAME)";
				SWIFT_EMIT_LOC_STRINGS = NO;
				SWIFT_VERSION = 5.0;
				TARGETED_DEVICE_FAMILY = "1,2";
				TEST_TARGET_NAME = navSwiftUi;
			};
			name = Release;
		};
/* End XCBuildConfiguration section */

/* Begin XCConfigurationList section */
		D7BD0F51294C7DB50044F4BD /* Build configuration list for PBXProject "navSwiftUi" */ = {
			isa = XCConfigurationList;
			buildConfigurations = (
				D7BD0F78294C7DB70044F4BD /* Debug */,
				D7BD0F79294C7DB70044F4BD /* Release */,
			);
			defaultConfigurationIsVisible = 0;
			defaultConfigurationName = Release;
		};
		D7BD0F7A294C7DB70044F4BD /* Build configuration list for PBXNativeTarget "navSwiftUi" */ = {
			isa = XCConfigurationList;
			buildConfigurations = (
				D7BD0F7B294C7DB70044F4BD /* Debug */,
				D7BD0F7C294C7DB70044F4BD /* Release */,
			);
			defaultConfigurationIsVisible = 0;
			defaultConfigurationName = Release;
		};
		D7BD0F7D294C7DB70044F4BD /* Build configuration list for PBXNativeTarget "navSwiftUiTests" */ = {
			isa = XCConfigurationList;
			buildConfigurations = (
				D7BD0F7E294C7DB70044F4BD /* Debug */,
				D7BD0F7F294C7DB70044F4BD /* Release */,
			);
			defaultConfigurationIsVisible = 0;
			defaultConfigurationName = Release;
		};
		D7BD0F80294C7DB70044F4BD /* Build configuration list for PBXNativeTarget "navSwiftUiUITests" */ = {
			isa = XCConfigurationList;
			buildConfigurations = (
				D7BD0F81294C7DB70044F4BD /* Debug */,
				D7BD0F82294C7DB70044F4BD /* Release */,
			);
			defaultConfigurationIsVisible = 0;
			defaultConfigurationName = Release;
		};
/* End XCConfigurationList section */
	};
	rootObject = D7BD0F4E294C7DB50044F4BD /* Project object */;
}
